# THIS IS AN AUTOGENERATED FILE. DO NOT EDIT THIS FILE DIRECTLY.
# yarn lockfile v1


commander@^8.2.0:
  version "8.2.0"
  resolved "https://registry.yarnpkg.com/commander/-/commander-8.2.0.tgz#37fe2bde301d87d47a53adeff8b5915db1381ca8"
  integrity sha512-LLKxDvHeL91/8MIyTAD5BFMNtoIwztGPMiM/7Bl8rIPmHCZXRxmSWr91h57dpOpnQ6jIUqEWdXE/uBYMfiVZDA==
